github.com/Maruqes/Tokenize v0.2.5 h1:2fnioAj6hQFPD7A4yp+bSPv5giGpe8cPb9qYzvrKe1U=
github.com/Maruqes/Tokenize v0.2.5/go.mod h1:6XApxF7h7zqIz9VmclMxyEQscXdFCUajhSo2GzGpfrM=
github.com/Maruqes/Tokenize v0.2.7 h1:+40qKgEC/oYwXFG/0GMWJxljUMg1m6+kI1HF+h0JyTI=
github.com/Maruqes/Tokenize v0.2.7/go.mod h1:6XApxF7h7zqIz9VmclMxyEQscXdFCUajhSo2GzGpfrM=
github.com/Maruqes/Tokenize v0.2.9 h1:Hzf9/xHev789snI/EvV6DbZ3V17ze8fai6FqXuSArfQ=
github.com/Maruqes/Tokenize v0.2.9/go.mod h1:/6JDrNYAMhvg31WL6oduopztrQMTM67pju8ilTubuE4=
github.com/Maruqes/Tokenize v0.2.11 h1:28XdqEGmXlMprTAmCsY14QT17+CxCml6S0mm6kz2ek4=
github.com/Maruqes/Tokenize v0.2.11/go.mod h1:/6JDrNYAMhvg31WL6oduopztrQMTM67pju8ilTubuE4=
github.com/Maruqes/Tokenize v0.2.15 h1:7fKAJBgiMmmx5+r+DKMPVW2LL6OD7vZbN9+zOxpuc5c=
github.com/Maruqes/Tokenize v0.2.15/go.mod h1:6XApxF7h7zqIz9VmclMxyEQscXdFCUajhSo2GzGpfrM=
github.com/Maruqes/Tokenize v0.2.16 h1:i3/bFivQAptQLHgeYGsWGgrsRyCvFvk4du+9Ix38CEo=
github.com/Maruqes/Tokenize v0.2.16/go.mod h1:6XApxF7h7zqIz9VmclMxyEQscXdFCUajhSo2GzGpfrM=
github.com/Maruqes/Tokenize v0.2.17 h1:z+GTgx2WDAHSaw2RF1N/C/AjUuu97mA/BmKnhW1+gxs=
github.com/Maruqes/Tokenize v0.2.17/go.mod h1:6XApxF7h7zqIz9VmclMxyEQscXdFCUajhSo2GzGpfrM=
github.com/Maruqes/Tokenize v0.2.18 h1:hHIaBvjS1P64h4+4VbtREFvf7C7z6B7f/8rc/8JL4Dc=
github.com/Maruqes/Tokenize v0.2.18/go.mod h1:6XApxF7h7zqIz9VmclMxyEQscXdFCUajhSo2GzGpfrM=
github.com/Maruqes/Tokenize v0.2.19 h1:+0Yft1iP0EbuwaWKV7b2UN0UhbxjpHUiGHllD2oIFhU=
github.com/Maruqes/Tokenize v0.2.19/go.mod h1:6XApxF7h7zqIz9VmclMxyEQscXdFCUajhSo2GzGpfrM=
github.com/Maruqes/Tokenize v0.2.21 h1:5NIwcyiUg57nNkoHtJFSwb3bp6BJDXafqSF8tdudm6s=
github.com/Maruqes/Tokenize v0.2.21/go.mod h1:6XApxF7h7zqIz9VmclMxyEQscXdFCUajhSo2GzGpfrM=
github.com/Maruqes/Tokenize v0.2.22 h1:T0RmBntIFkcXnwWuRgN0F8ENdlwxq2SxoKozxBAp+PY=
github.com/Maruqes/Tokenize v0.2.22/go.mod h1:6XApxF7h7zqIz9VmclMxyEQscXdFCUajhSo2GzGpfrM=
github.com/Maruqes/Tokenize v0.2.23 h1:DAXxDfFFGuUONnGW8r1d5r4O63HwoJpZm3ziLTDMwIY=
github.com/Maruqes/Tokenize v0.2.23/go.mod h1:6XApxF7h7zqIz9VmclMxyEQscXdFCUajhSo2GzGpfrM=
github.com/Maruqes/Tokenize v0.2.24 h1:prUcFa7ZDZXv+fEX5rO5QsikLD+mfNz3Uu+67Ywu7QQ=
github.com/Maruqes/Tokenize v0.2.24/go.mod h1:6XApxF7h7zqIz9VmclMxyEQscXdFCUajhSo2GzGpfrM=
github.com/Maruqes/Tokenize v0.2.25 h1:nCdc/MLg8YuE4CmcQn8o4lYLc4bc8hkzACARQ8m4FUI=
github.com/Maruqes/Tokenize v0.2.25/go.mod h1:6XApxF7h7zqIz9VmclMxyEQscXdFCUajhSo2GzGpfrM=
github.com/Maruqes/Tokenize v0.2.26 h1:OcBEAPhbYISMts6ay/8gnoS2ijCwznTH1YyE8fi1/uw=
github.com/Maruqes/Tokenize v0.2.26/go.mod h1:6XApxF7h7zqIz9VmclMxyEQscXdFCUajhSo2GzGpfrM=
github.com/Maruqes/Tokenize v0.2.27 h1:utxyrOxLNS2Bw9FGxnIG6MZNyvjtYgLj7Qc+qjbqzxQ=
github.com/Maruqes/Tokenize v0.2.27/go.mod h1:6XApxF7h7zqIz9VmclMxyEQscXdFCUajhSo2GzGpfrM=
github.com/Maruqes/Tokenize v0.2.28 h1:DH9BHUQSkTHf0PBsjk7GdYREu/d6RXfafGrlp7poxYE=
github.com/Maruqes/Tokenize v0.2.28/go.mod h1:6XApxF7h7zqIz9VmclMxyEQscXdFCUajhSo2GzGpfrM=
github.com/Maruqes/Tokenize v0.2.29 h1:5Kitukg0vSbFceDkjtZVr8ugrIaFZ0q22YK+jwtImqY=
github.com/Maruqes/Tokenize v0.2.29/go.mod h1:6XApxF7h7zqIz9VmclMxyEQscXdFCUajhSo2GzGpfrM=
github.com/Maruqes/Tokenize v0.2.30 h1:BM9IxZM2Jfm/6Uysu7NYNW1cSIZBVMEFNKZ40uhOoNQ=
github.com/Maruqes/Tokenize v0.2.30/go.mod h1:6XApxF7h7zqIz9VmclMxyEQscXdFCUajhSo2GzGpfrM=
github.com/Maruqes/Tokenize v0.3.0 h1:i7ikAAm38DvD450cmT++kRiFnYAvx/QwuFbDfrdKvAs=
github.com/Maruqes/Tokenize v0.3.0/go.mod h1:6XApxF7h7zqIz9VmclMxyEQscXdFCUajhSo2GzGpfrM=
github.com/Maruqes/Tokenize v0.3.1 h1:2s2PcXGuJaBTPwS9UvIpA41afQfO7vETS2J67sSROSY=
github.com/Maruqes/Tokenize v0.3.1/go.mod h1:6XApxF7h7zqIz9VmclMxyEQscXdFCUajhSo2GzGpfrM=
github.com/Maruqes/Tokenize v0.3.2 h1:o6eeVWEagOnElvuKwTIKQBTFJCiMC2qG0JBMHwWHMO4=
github.com/Maruqes/Tokenize v0.3.2/go.mod h1:6XApxF7h7zqIz9VmclMxyEQscXdFCUajhSo2GzGpfrM=
github.com/Maruqes/Tokenize v0.3.3 h1:Vv6vaDTdflUiPwNH85DhxBm7rHFIkJO7xqww2m1d1Y0=
github.com/Maruqes/Tokenize v0.3.3/go.mod h1:6XApxF7h7zqIz9VmclMxyEQscXdFCUajhSo2GzGpfrM=
github.com/Maruqes/Tokenize v0.3.4 h1:LyeEIAGgGkoPash7Lk40BjJStGh6umzbcG3nMsWQGjk=
github.com/Maruqes/Tokenize v0.3.4/go.mod h1:6XApxF7h7zqIz9VmclMxyEQscXdFCUajhSo2GzGpfrM=
github.com/Maruqes/Tokenize v0.3.5 h1:udB5RrzRskWUcdGkIgr2ng3S3XqT3leBOXYjM0F/7yc=
github.com/Maruqes/Tokenize v0.3.5/go.mod h1:6XApxF7h7zqIz9VmclMxyEQscXdFCUajhSo2GzGpfrM=
github.com/Maruqes/Tokenize v0.3.6 h1:IgDtC/98yMjvI0jKxeL55vK/Px6KqKAWILdHVvVeUp4=
github.com/Maruqes/Tokenize v0.3.6/go.mod h1:6XApxF7h7zqIz9VmclMxyEQscXdFCUajhSo2GzGpfrM=
github.com/Maruqes/Tokenize v0.3.7 h1:djfp6hrLjmyd3uSmsEwSuiTB4XJszU8CEUVjoJEirS8=
github.com/Maruqes/Tokenize v0.3.7/go.mod h1:6XApxF7h7zqIz9VmclMxyEQscXdFCUajhSo2GzGpfrM=
github.com/davecgh/go-spew v1.1.0/go.mod h1:J7Y8YcW2NihsgmVo/mv3lAwl/skON4iLHjSsI+c5H38=
github.com/google/uuid v1.6.0 h1:NIvaJDMOsjHA8n1jAhLSgzrAzy1Hgr+hNrb57e+94F0=
github.com/google/uuid v1.6.0/go.mod h1:TIyPZe4MgqvfeYDBFedMoGGpEw/LqOeaOT+nhxU+yHo=
github.com/joho/godotenv v1.5.1 h1:7eLL/+HRGLY0ldzfGMeQkb7vMd0as4CfYvUVzLqw0N0=
github.com/joho/godotenv v1.5.1/go.mod h1:f4LDr5Voq0i2e/R5DDNOoa2zzDfwtkZa6DnEwAbqwq4=
github.com/mattn/go-sqlite3 v1.14.24 h1:tpSp2G2KyMnnQu99ngJ47EIkWVmliIizyZBfPrBWDRM=
github.com/mattn/go-sqlite3 v1.14.24/go.mod h1:Uh1q+B4BYcTPb+yiD3kU8Ct7aC0hY9fxUwlHK0RXw+Y=
github.com/pmezard/go-difflib v1.0.0/go.mod h1:iKH77koFhYxTK1pcRnkKkqfTogsbg7gZNVY4sRDYZ/4=
github.com/rs/cors v1.11.1 h1:eU3gRzXLRK57F5rKMGMZURNdIG4EoAmX8k94r9wXWHA=
github.com/rs/cors v1.11.1/go.mod h1:XyqrcTp5zjWr1wsJ8PIRZssZ8b/WMcMf71DJnit4EMU=
github.com/stretchr/objx v0.1.0/go.mod h1:HFkY916IF+rwdDfMAkV7OtwuqBVzrE8GR6GFx+wExME=
github.com/stretchr/testify v1.7.0/go.mod h1:6Fq8oRcR53rry900zMqJjRRixrwX3KX962/h/Wwjteg=
github.com/stripe/stripe-go/v81 v81.0.0 h1:7xqKVXIjhFoSEUzXXPON7oYFRupOyhDG5R7tRVyrgeE=
github.com/stripe/stripe-go/v81 v81.0.0/go.mod h1:C/F4jlmnGNacvYtBp/LUHCvVUJEZffFQCobkzwY1WOo=
github.com/stripe/stripe-go/v81 v81.3.0 h1:tvNgK3RcX0oKE/hB6oifpa+InEA/UVDbU/Xjwydz+nk=
github.com/stripe/stripe-go/v81 v81.3.0/go.mod h1:C/F4jlmnGNacvYtBp/LUHCvVUJEZffFQCobkzwY1WOo=
golang.org/x/crypto v0.29.0 h1:L5SG1JTTXupVV3n6sUqMTeWbjAyfPwoda2DLX8J8FrQ=
golang.org/x/crypto v0.29.0/go.mod h1:+F4F4N5hv6v38hfeYwTdx20oUvLLc+QfrE9Ax9HtgRg=
golang.org/x/crypto v0.32.0 h1:euUpcYgM8WcP71gNpTqQCn6rC2t6ULUPiOzfWaXVVfc=
golang.org/x/crypto v0.32.0/go.mod h1:ZnnJkOaASj8g0AjIduWNlq2NRxL0PlBrbKVyZ6V/Ugc=
golang.org/x/net v0.0.0-20210520170846-37e1c6afe023/go.mod h1:9nx3DQGgdP8bBQD5qxJ1jj9UTztislL4KSBs9R2vV5Y=
golang.org/x/sys v0.0.0-20201119102817-f84b799fce68/go.mod h1:h1NjWce9XRLGQEsW7wpKNCjG9DtNlClVuFLEZdDNbEs=
golang.org/x/sys v0.0.0-20210423082822-04245dca01da/go.mod h1:h1NjWce9XRLGQEsW7wpKNCjG9DtNlClVuFLEZdDNbEs=
golang.org/x/term v0.0.0-20201126162022-7de9c90e9dd1/go.mod h1:bj7SfCRtBDWHUb9snDiAeCFNEtKQo2Wmx5Cou7ajbmo=
golang.org/x/text v0.3.6/go.mod h1:5Zoc/QRtKVWzQhOtBMvqHzDpF6irO9z98xDceosuGiQ=
golang.org/x/tools v0.0.0-20180917221912-90fa682c2a6e/go.mod h1:n7NCudcB/nEzxVGmLbDWY5pfWTLqBcC2KZ6jyYvM4mQ=
gopkg.in/check.v1 v0.0.0-20161208181325-20d25e280405/go.mod h1:Co6ibVJAznAaIkqp8huTwlJQCZ016jof/cbN4VW5Yz0=
gopkg.in/yaml.v3 v3.0.0-20200313102051-9f266ea9e77c/go.mod h1:K4uyk7z7BCEPqu6E+C64Yfv1cQ7kz7rIZviUmN+EgEM=
